
Microsoft Visual Studio Solution File, Format Version 12.00
# Visual Studio Version 16
VisualStudioVersion = 16.0.29201.188
MinimumVisualStudioVersion = 10.0.40219.1
Project("{888888A0-9F3D-457C-B088-3A5042F75D52}") = "ResNetLSTM", "ResNetLSTM.pyproj", "{CDF34D78-CF83-4548-9E5D-9EDCF0AE71C1}"
EndProject
Global
	GlobalSection(SolutionConfigurationPlatforms) = preSolution
		Debug|Any CPU = Debug|Any CPU
		Release|Any CPU = Release|Any CPU
	EndGlobalSection
	GlobalSection(ProjectConfigurationPlatforms) = postSolution
		{CDF34D78-CF83-4548-9E5D-9EDCF0AE71C1}.Debug|Any CPU.ActiveCfg = Debug|Any CPU
		{CDF34D78-CF83-4548-9E5D-9EDCF0AE71C1}.Release|Any CPU.ActiveCfg = Release|Any CPU
	EndGlobalSection
	GlobalSection(SolutionProperties) = preSolution
		HideSolutionNode = FALSE
	EndGlobalSection
	GlobalSection(ExtensibilityGlobals) = postSolution
		SolutionGuid = {FE70D6F3-EA56-4964-87CA-11053BF50EE9}
	EndGlobalSection
EndGlobal
